// !$*UTF8*$!
{
	archiveVersion = 1;
	classes = {
	};
	objectVersion = 56;
	objects = {

/* Begin PBXBuildFile section */
		49B7117F29E8140E000770BA /* AppDelegate.swift in Sources */ = {isa = PBXBuildFile; fileRef = 49B7117E29E8140E000770BA /* AppDelegate.swift */; };
		49B7118329E8140E000770BA /* ViewController.swift in Sources */ = {isa = PBXBuildFile; fileRef = 49B7118229E8140E000770BA /* ViewController.swift */; };
		49B7118829E8140F000770BA /* Assets.xcassets in Resources */ = {isa = PBXBuildFile; fileRef = 49B7118729E8140F000770BA /* Assets.xcassets */; };
		49B7118B29E8140F000770BA /* LaunchScreen.storyboard in Resources */ = {isa = PBXBuildFile; fileRef = 49B7118929E8140F000770BA /* LaunchScreen.storyboard */; };
		49B7119629E8140F000770BA /* JenkinsTests.swift in Sources */ = {isa = PBXBuildFile; fileRef = 49B7119529E8140F000770BA /* JenkinsTests.swift */; };
		49B711B229E814F3000770BA /* Constant.swift in Sources */ = {isa = PBXBuildFile; fileRef = 49B711B129E814F3000770BA /* Constant.swift */; };
/* End PBXBuildFile section */

/* Begin PBXContainerItemProxy section */
		49B7119229E8140F000770BA /* PBXContainerItemProxy */ = {
			isa = PBXContainerItemProxy;
			containerPortal = 49B7117329E8140E000770BA /* Project object */;
			proxyType = 1;
			remoteGlobalIDString = 49B7117A29E8140E000770BA;
			remoteInfo = Jenkins;
		};
/* End PBXContainerItemProxy section */

/* Begin PBXFileReference section */
		49B7117B29E8140E000770BA /* Jenkins.app */ = {isa = PBXFileReference; explicitFileType = wrapper.application; includeInIndex = 0; path = Jenkins.app; sourceTree = BUILT_PRODUCTS_DIR; };
		49B7117E29E8140E000770BA /* AppDelegate.swift */ = {isa = PBXFileReference; lastKnownFileType = sourcecode.swift; path = AppDelegate.swift; sourceTree = "<group>"; };
		49B7118229E8140E000770BA /* ViewController.swift */ = {isa = PBXFileReference; lastKnownFileType = sourcecode.swift; path = ViewController.swift; sourceTree = "<group>"; };
		49B7118729E8140F000770BA /* Assets.xcassets */ = {isa = PBXFileReference; lastKnownFileType = folder.assetcatalog; path = Assets.xcassets; sourceTree = "<group>"; };
		49B7118A29E8140F000770BA /* Base */ = {isa = PBXFileReference; lastKnownFileType = file.storyboard; name = Base; path = Base.lproj/LaunchScreen.storyboard; sourceTree = "<group>"; };
		49B7118C29E8140F000770BA /* Info.plist */ = {isa = PBXFileReference; lastKnownFileType = text.plist.xml; path = Info.plist; sourceTree = "<group>"; };
		49B7119129E8140F000770BA /* JenkinsTests.xctest */ = {isa = PBXFileReference; explicitFileType = wrapper.cfbundle; includeInIndex = 0; path = JenkinsTests.xctest; sourceTree = BUILT_PRODUCTS_DIR; };
		49B7119529E8140F000770BA /* JenkinsTests.swift */ = {isa = PBXFileReference; lastKnownFileType = sourcecode.swift; path = JenkinsTests.swift; sourceTree = "<group>"; };
		49B711B129E814F3000770BA /* Constant.swift */ = {isa = PBXFileReference; lastKnownFileType = sourcecode.swift; path = Constant.swift; sourceTree = "<group>"; };
/* End PBXFileReference section */

/* Begin PBXFrameworksBuildPhase section */
		49B7117829E8140E000770BA /* Frameworks */ = {
			isa = PBXFrameworksBuildPhase;
			buildActionMask = 2147483647;
			files = (
			);
			runOnlyForDeploymentPostprocessing = 0;
		};
		49B7118E29E8140F000770BA /* Frameworks */ = {
			isa = PBXFrameworksBuildPhase;
			buildActionMask = 2147483647;
			files = (
			);
			runOnlyForDeploymentPostprocessing = 0;
		};
/* End PBXFrameworksBuildPhase section */

/* Begin PBXGroup section */
		49B7117229E8140E000770BA = {
			isa = PBXGroup;
			children = (
				49B7117D29E8140E000770BA /* Jenkins */,
				49B7119429E8140F000770BA /* JenkinsTests */,
				49B7117C29E8140E000770BA /* Products */,
			);
			sourceTree = "<group>";
		};
		49B7117C29E8140E000770BA /* Products */ = {
			isa = PBXGroup;
			children = (
				49B7117B29E8140E000770BA /* Jenkins.app */,
				49B7119129E8140F000770BA /* JenkinsTests.xctest */,
			);
			name = Products;
			sourceTree = "<group>";
		};
		49B7117D29E8140E000770BA /* Jenkins */ = {
			isa = PBXGroup;
			children = (
				49B711B029E814B2000770BA /* Resources */,
				49B711AF29E814AD000770BA /* SupportingFile */,
				49B711AE29E814A6000770BA /* Sources */,
			);
			path = Jenkins;
			sourceTree = "<group>";
		};
		49B7119429E8140F000770BA /* JenkinsTests */ = {
			isa = PBXGroup;
			children = (
				49B7119529E8140F000770BA /* JenkinsTests.swift */,
			);
			path = JenkinsTests;
			sourceTree = "<group>";
		};
		49B711AE29E814A6000770BA /* Sources */ = {
			isa = PBXGroup;
			children = (
				49B7117E29E8140E000770BA /* AppDelegate.swift */,
				49B7118229E8140E000770BA /* ViewController.swift */,
				49B711B129E814F3000770BA /* Constant.swift */,
			);
			path = Sources;
			sourceTree = "<group>";
		};
		49B711AF29E814AD000770BA /* SupportingFile */ = {
			isa = PBXGroup;
			children = (
				49B7118C29E8140F000770BA /* Info.plist */,
			);
			path = SupportingFile;
			sourceTree = "<group>";
		};
		49B711B029E814B2000770BA /* Resources */ = {
			isa = PBXGroup;
			children = (
				49B7118729E8140F000770BA /* Assets.xcassets */,
				49B7118929E8140F000770BA /* LaunchScreen.storyboard */,
			);
			path = Resources;
			sourceTree = "<group>";
		};
/* End PBXGroup section */

/* Begin PBXNativeTarget section */
		49B7117A29E8140E000770BA /* Jenkins */ = {
			isa = PBXNativeTarget;
			buildConfigurationList = 49B711A529E8140F000770BA /* Build configuration list for PBXNativeTarget "Jenkins" */;
			buildPhases = (
				49B7117729E8140E000770BA /* Sources */,
				49B7117829E8140E000770BA /* Frameworks */,
				49B7117929E8140E000770BA /* Resources */,
			);
			buildRules = (
			);
			dependencies = (
			);
			name = Jenkins;
			productName = Jenkins;
			productReference = 49B7117B29E8140E000770BA /* Jenkins.app */;
			productType = "com.apple.product-type.application";
		};
		49B7119029E8140F000770BA /* JenkinsTests */ = {
			isa = PBXNativeTarget;
			buildConfigurationList = 49B711A829E8140F000770BA /* Build configuration list for PBXNativeTarget "JenkinsTests" */;
			buildPhases = (
				49B7118D29E8140F000770BA /* Sources */,
				49B7118E29E8140F000770BA /* Frameworks */,
				49B7118F29E8140F000770BA /* Resources */,
			);
			buildRules = (
			);
			dependencies = (
				49B7119329E8140F000770BA /* PBXTargetDependency */,
			);
			name = JenkinsTests;
			productName = JenkinsTests;
			productReference = 49B7119129E8140F000770BA /* JenkinsTests.xctest */;
			productType = "com.apple.product-type.bundle.unit-test";
		};
/* End PBXNativeTarget section */

/* Begin PBXProject section */
		49B7117329E8140E000770BA /* Project object */ = {
			isa = PBXProject;
			attributes = {
				BuildIndependentTargetsInParallel = 1;
				LastSwiftUpdateCheck = 1400;
				LastUpgradeCheck = 1400;
				TargetAttributes = {
					49B7117A29E8140E000770BA = {
						CreatedOnToolsVersion = 14.0;
					};
					49B7119029E8140F000770BA = {
						CreatedOnToolsVersion = 14.0;
						TestTargetID = 49B7117A29E8140E000770BA;
					};
				};
			};
			buildConfigurationList = 49B7117629E8140E000770BA /* Build configuration list for PBXProject "Jenkins" */;
			compatibilityVersion = "Xcode 14.0";
			developmentRegion = en;
			hasScannedForEncodings = 0;
			knownRegions = (
				en,
				Base,
			);
			mainGroup = 49B7117229E8140E000770BA;
			productRefGroup = 49B7117C29E8140E000770BA /* Products */;
			projectDirPath = "";
			projectRoot = "";
			targets = (
				49B7117A29E8140E000770BA /* Jenkins */,
				49B7119029E8140F000770BA /* JenkinsTests */,
			);
		};
/* End PBXProject section */

/* Begin PBXResourcesBuildPhase section */
		49B7117929E8140E000770BA /* Resources */ = {
			isa = PBXResourcesBuildPhase;
			buildActionMask = 2147483647;
			files = (
				49B7118B29E8140F000770BA /* LaunchScreen.storyboard in Resources */,
				49B7118829E8140F000770BA /* Assets.xcassets in Resources */,
			);
			runOnlyForDeploymentPostprocessing = 0;
		};
		49B7118F29E8140F000770BA /* Resources */ = {
			isa = PBXResourcesBuildPhase;
			buildActionMask = 2147483647;
			files = (
			);
			runOnlyForDeploymentPostprocessing = 0;
		};
/* End PBXResourcesBuildPhase section */

/* Begin PBXSourcesBuildPhase section */
		49B7117729E8140E000770BA /* Sources */ = {
			isa = PBXSourcesBuildPhase;
			buildActionMask = 2147483647;
			files = (
				49B7118329E8140E000770BA /* ViewController.swift in Sources */,
				49B7117F29E8140E000770BA /* AppDelegate.swift in Sources */,
				49B711B229E814F3000770BA /* Constant.swift in Sources */,
			);
			runOnlyForDeploymentPostprocessing = 0;
		};
		49B7118D29E8140F000770BA /* Sources */ = {
			isa = PBXSourcesBuildPhase;
			buildActionMask = 2147483647;
			files = (
				49B7119629E8140F000770BA /* JenkinsTests.swift in Sources */,
			);
			runOnlyForDeploymentPostprocessing = 0;
		};
/* End PBXSourcesBuildPhase section */

/* Begin PBXTargetDependency section */
		49B7119329E8140F000770BA /* PBXTargetDependency */ = {
			isa = PBXTargetDependency;
			target = 49B7117A29E8140E000770BA /* Jenkins */;
			targetProxy = 49B7119229E8140F000770BA /* PBXContainerItemProxy */;
		};
/* End PBXTargetDependency section */

/* Begin PBXVariantGroup section */
		49B7118929E8140F000770BA /* LaunchScreen.storyboard */ = {
			isa = PBXVariantGroup;
			children = (
				49B7118A29E8140F000770BA /* Base */,
			);
			name = LaunchScreen.storyboard;
			sourceTree = "<group>";
		};
/* End PBXVariantGroup section */

/* Begin XCBuildConfiguration section */
		49B711A329E8140F000770BA /* Debug */ = {
			isa = XCBuildConfiguration;
			buildSettings = {
				ALWAYS_SEARCH_USER_PATHS = NO;
				CLANG_ANALYZER_NONNULL = YES;
				CLANG_ANALYZER_NUMBER_OBJECT_CONVERSION = YES_AGGRESSIVE;
				CLANG_CXX_LANGUAGE_STANDARD = "gnu++20";
				CLANG_ENABLE_MODULES = YES;
				CLANG_ENABLE_OBJC_ARC = YES;
				CLANG_ENABLE_OBJC_WEAK = YES;
				CLANG_WARN_BLOCK_CAPTURE_AUTORELEASING = YES;
				CLANG_WARN_BOOL_CONVERSION = YES;
				CLANG_WARN_COMMA = YES;
				CLANG_WARN_CONSTANT_CONVERSION = YES;
				CLANG_WARN_DEPRECATED_OBJC_IMPLEMENTATIONS = YES;
				CLANG_WARN_DIRECT_OBJC_ISA_USAGE = YES_ERROR;
				CLANG_WARN_DOCUMENTATION_COMMENTS = YES;
				CLANG_WARN_EMPTY_BODY = YES;
				CLANG_WARN_ENUM_CONVERSION = YES;
				CLANG_WARN_INFINITE_RECURSION = YES;
				CLANG_WARN_INT_CONVERSION = YES;
				CLANG_WARN_NON_LITERAL_NULL_CONVERSION = YES;
				CLANG_WARN_OBJC_IMPLICIT_RETAIN_SELF = YES;
				CLANG_WARN_OBJC_LITERAL_CONVERSION = YES;
				CLANG_WARN_OBJC_ROOT_CLASS = YES_ERROR;
				CLANG_WARN_QUOTED_INCLUDE_IN_FRAMEWORK_HEADER = YES;
				CLANG_WARN_RANGE_LOOP_ANALYSIS = YES;
				CLANG_WARN_STRICT_PROTOTYPES = YES;
				CLANG_WARN_SUSPICIOUS_MOVE = YES;
				CLANG_WARN_UNGUARDED_AVAILABILITY = YES_AGGRESSIVE;
				CLANG_WARN_UNREACHABLE_CODE = YES;
				CLANG_WARN__DUPLICATE_METHOD_MATCH = YES;
				COPY_PHASE_STRIP = NO;
				DEBUG_INFORMATION_FORMAT = dwarf;
				ENABLE_STRICT_OBJC_MSGSEND = YES;
				ENABLE_TESTABILITY = YES;
				GCC_C_LANGUAGE_STANDARD = gnu11;
				GCC_DYNAMIC_NO_PIC = NO;
				GCC_NO_COMMON_BLOCKS = YES;
				GCC_OPTIMIZATION_LEVEL = 0;
				GCC_PREPROCESSOR_DEFINITIONS = (
					"DEBUG=1",
					"$(inherited)",
				);
				GCC_WARN_64_TO_32_BIT_CONVERSION = YES;
				GCC_WARN_ABOUT_RETURN_TYPE = YES_ERROR;
				GCC_WARN_UNDECLARED_SELECTOR = YES;
				GCC_WARN_UNINITIALIZED_AUTOS = YES_AGGRESSIVE;
				GCC_WARN_UNUSED_FUNCTION = YES;
				GCC_WARN_UNUSED_VARIABLE = YES;
				IPHONEOS_DEPLOYMENT_TARGET = 16.0;
				MTL_ENABLE_DEBUG_INFO = INCLUDE_SOURCE;
				MTL_FAST_MATH = YES;
				ONLY_ACTIVE_ARCH = YES;
				SDKROOT = iphoneos;
				SWIFT_ACTIVE_COMPILATION_CONDITIONS = DEBUG;
				SWIFT_OPTIMIZATION_LEVEL = "-Onone";
			};
			name = Debug;
		};
		49B711A429E8140F000770BA /* Release */ = {
			isa = XCBuildConfiguration;
			buildSettings = {
				ALWAYS_SEARCH_USER_PATHS = NO;
				CLANG_ANALYZER_NONNULL = YES;
				CLANG_ANALYZER_NUMBER_OBJECT_CONVERSION = YES_AGGRESSIVE;
				CLANG_CXX_LANGUAGE_STANDARD = "gnu++20";
				CLANG_ENABLE_MODULES = YES;
				CLANG_ENABLE_OBJC_ARC = YES;
				CLANG_ENABLE_OBJC_WEAK = YES;
				CLANG_WARN_BLOCK_CAPTURE_AUTORELEASING = YES;
				CLANG_WARN_BOOL_CONVERSION = YES;
				CLANG_WARN_COMMA = YES;
				CLANG_WARN_CONSTANT_CONVERSION = YES;
				CLANG_WARN_DEPRECATED_OBJC_IMPLEMENTATIONS = YES;
				CLANG_WARN_DIRECT_OBJC_ISA_USAGE = YES_ERROR;
				CLANG_WARN_DOCUMENTATION_COMMENTS = YES;
				CLANG_WARN_EMPTY_BODY = YES;
				CLANG_WARN_ENUM_CONVERSION = YES;
				CLANG_WARN_INFINITE_RECURSION = YES;
				CLANG_WARN_INT_CONVERSION = YES;
				CLANG_WARN_NON_LITERAL_NULL_CONVERSION = YES;
				CLANG_WARN_OBJC_IMPLICIT_RETAIN_SELF = YES;
				CLANG_WARN_OBJC_LITERAL_CONVERSION = YES;
				CLANG_WARN_OBJC_ROOT_CLASS = YES_ERROR;
				CLANG_WARN_QUOTED_INCLUDE_IN_FRAMEWORK_HEADER = YES;
				CLANG_WARN_RANGE_LOOP_ANALYSIS = YES;
				CLANG_WARN_STRICT_PROTOTYPES = YES;
				CLANG_WARN_SUSPICIOUS_MOVE = YES;
				CLANG_WARN_UNGUARDED_AVAILABILITY = YES_AGGRESSIVE;
				CLANG_WARN_UNREACHABLE_CODE = YES;
				CLANG_WARN__DUPLICATE_METHOD_MATCH = YES;
				COPY_PHASE_STRIP = NO;
				DEBUG_INFORMATION_FORMAT = "dwarf-with-dsym";
				ENABLE_NS_ASSERTIONS = NO;
				ENABLE_STRICT_OBJC_MSGSEND = YES;
				GCC_C_LANGUAGE_STANDARD = gnu11;
				GCC_NO_COMMON_BLOCKS = YES;
				GCC_WARN_64_TO_32_BIT_CONVERSION = YES;
				GCC_WARN_ABOUT_RETURN_TYPE = YES_ERROR;
				GCC_WARN_UNDECLARED_SELECTOR = YES;
				GCC_WARN_UNINITIALIZED_AUTOS = YES_AGGRESSIVE;
				GCC_WARN_UNUSED_FUNCTION = YES;
				GCC_WARN_UNUSED_VARIABLE = YES;
				IPHONEOS_DEPLOYMENT_TARGET = 16.0;
				MTL_ENABLE_DEBUG_INFO = NO;
				MTL_FAST_MATH = YES;
				SDKROOT = iphoneos;
				SWIFT_COMPILATION_MODE = wholemodule;
				SWIFT_OPTIMIZATION_LEVEL = "-O";
				VALIDATE_PRODUCT = YES;
			};
			name = Release;
		};
		49B711A629E8140F000770BA /* Debug */ = {
			isa = XCBuildConfiguration;
			buildSettings = {
				ASSETCATALOG_COMPILER_APPICON_NAME = AppIcon;
				ASSETCATALOG_COMPILER_GLOBAL_ACCENT_COLOR_NAME = AccentColor;
				CODE_SIGN_STYLE = Automatic;
				CURRENT_PROJECT_VERSION = 1;
				DEVELOPMENT_TEAM = VGKKY4727B;
				GENERATE_INFOPLIST_FILE = YES;
				INFOPLIST_FILE = Jenkins/SupportingFile/Info.plist;
				INFOPLIST_KEY_UIApplicationSupportsIndirectInputEvents = YES;
				INFOPLIST_KEY_UILaunchStoryboardName = LaunchScreen;
				INFOPLIST_KEY_UISupportedInterfaceOrientations = UIInterfaceOrientationPortrait;
				INFOPLIST_KEY_UISupportedInterfaceOrientations_iPad = "UIInterfaceOrientationLandscapeLeft UIInterfaceOrientationLandscapeRight UIInterfaceOrientationPortrait UIInterfaceOrientationPortraitUpsideDown";
				LD_RUNPATH_SEARCH_PATHS = (
					"$(inherited)",
					"@executable_path/Frameworks",
				);
				MARKETING_VERSION = 1.0;
				PRODUCT_BUNDLE_IDENTIFIER = ajy.jenkins;
				PRODUCT_NAME = "$(TARGET_NAME)";
				SUPPORTED_PLATFORMS = "iphoneos iphonesimulator";
				SUPPORTS_MACCATALYST = NO;
				SUPPORTS_MAC_DESIGNED_FOR_IPHONE_IPAD = YES;
				SWIFT_EMIT_LOC_STRINGS = YES;
				SWIFT_VERSION = 5.0;
				TARGETED_DEVICE_FAMILY = 1;
			};
			name = Debug;
		};
		49B711A729E8140F000770BA /* Release */ = {
			isa = XCBuildConfiguration;
			buildSettings = {
				ASSETCATALOG_COMPILER_APPICON_NAME = AppIcon;
				ASSETCATALOG_COMPILER_GLOBAL_ACCENT_COLOR_NAME = AccentColor;
				CODE_SIGN_STYLE = Automatic;
				CURRENT_PROJECT_VERSION = 1;
				DEVELOPMENT_TEAM = VGKKY4727B;
				GENERATE_INFOPLIST_FILE = YES;
				INFOPLIST_FILE = Jenkins/SupportingFile/Info.plist;
				INFOPLIST_KEY_UIApplicationSupportsIndirectInputEvents = YES;
				INFOPLIST_KEY_UILaunchStoryboardName = LaunchScreen;
				INFOPLIST_KEY_UISupportedInterfaceOrientations = UIInterfaceOrientationPortrait;
				INFOPLIST_KEY_UISupportedInterfaceOrientations_iPad = "UIInterfaceOrientationLandscapeLeft UIInterfaceOrientationLandscapeRight UIInterfaceOrientationPortrait UIInterfaceOrientationPortraitUpsideDown";
				LD_RUNPATH_SEARCH_PATHS = (
					"$(inherited)",
					"@executable_path/Frameworks",
				);
				MARKETING_VERSION = 1.0;
				PRODUCT_BUNDLE_IDENTIFIER = ajy.jenkins;
				PRODUCT_NAME = "$(TARGET_NAME)";
				SUPPORTED_PLATFORMS = "iphoneos iphonesimulator";
				SUPPORTS_MACCATALYST = NO;
				SUPPORTS_MAC_DESIGNED_FOR_IPHONE_IPAD = YES;
				SWIFT_EMIT_LOC_STRINGS = YES;
				SWIFT_VERSION = 5.0;
				TARGETED_DEVICE_FAMILY = 1;
			};
			name = Release;
		};
		49B711A929E8140F000770BA /* Debug */ = {
			isa = XCBuildConfiguration;
			buildSettings = {
				ALWAYS_EMBED_SWIFT_STANDARD_LIBRARIES = YES;
				BUNDLE_LOADER = "$(TEST_HOST)";
				CODE_SIGN_STYLE = Automatic;
				CURRENT_PROJECT_VERSION = 1;
				DEVELOPMENT_TEAM = VGKKY4727B;
				GENERATE_INFOPLIST_FILE = YES;
				IPHONEOS_DEPLOYMENT_TARGET = 16.0;
				MARKETING_VERSION = 1.0;
				PRODUCT_BUNDLE_IDENTIFIER = ajy.jenkins.JenkinsTests;
				PRODUCT_NAME = "$(TARGET_NAME)";
				SWIFT_EMIT_LOC_STRINGS = NO;
				SWIFT_VERSION = 5.0;
				TARGETED_DEVICE_FAMILY = "1,2";
				TEST_HOST = "$(BUILT_PRODUCTS_DIR)/Jenkins.app/$(BUNDLE_EXECUTABLE_FOLDER_PATH)/Jenkins";
			};
			name = Debug;
		};
		49B711AA29E8140F000770BA /* Release */ = {
			isa = XCBuildConfiguration;
			buildSettings = {
				ALWAYS_EMBED_SWIFT_STANDARD_LIBRARIES = YES;
				BUNDLE_LOADER = "$(TEST_HOST)";
				CODE_SIGN_STYLE = Automatic;
				CURRENT_PROJECT_VERSION = 1;
				DEVELOPMENT_TEAM = VGKKY4727B;
				GENERATE_INFOPLIST_FILE = YES;
				IPHONEOS_DEPLOYMENT_TARGET = 16.0;
				MARKETING_VERSION = 1.0;
				PRODUCT_BUNDLE_IDENTIFIER = ajy.jenkins.JenkinsTests;
				PRODUCT_NAME = "$(TARGET_NAME)";
				SWIFT_EMIT_LOC_STRINGS = NO;
				SWIFT_VERSION = 5.0;
				TARGETED_DEVICE_FAMILY = "1,2";
				TEST_HOST = "$(BUILT_PRODUCTS_DIR)/Jenkins.app/$(BUNDLE_EXECUTABLE_FOLDER_PATH)/Jenkins";
			};
			name = Release;
		};
/* End XCBuildConfiguration section */

/* Begin XCConfigurationList section */
		49B7117629E8140E000770BA /* Build configuration list for PBXProject "Jenkins" */ = {
			isa = XCConfigurationList;
			buildConfigurations = (
				49B711A329E8140F000770BA /* Debug */,
				49B711A429E8140F000770BA /* Release */,
			);
			defaultConfigurationIsVisible = 0;
			defaultConfigurationName = Release;
		};
		49B711A529E8140F000770BA /* Build configuration list for PBXNativeTarget "Jenkins" */ = {
			isa = XCConfigurationList;
			buildConfigurations = (
				49B711A629E8140F000770BA /* Debug */,
				49B711A729E8140F000770BA /* Release */,
			);
			defaultConfigurationIsVisible = 0;
			defaultConfigurationName = Release;
		};
		49B711A829E8140F000770BA /* Build configuration list for PBXNativeTarget "JenkinsTests" */ = {
			isa = XCConfigurationList;
			buildConfigurations = (
				49B711A929E8140F000770BA /* Debug */,
				49B711AA29E8140F000770BA /* Release */,
			);
			defaultConfigurationIsVisible = 0;
			defaultConfigurationName = Release;
		};
/* End XCConfigurationList section */
	};
	rootObject = 49B7117329E8140E000770BA /* Project object */;
}
